{
  "name": "electron-ofp",
  "version": "1.0.27",
  "lockfileVersion": 3,
  "requires": true,
  "packages": {
    "": {
      "name": "electron-ofp",
      "version": "1.0.27",
      "hasInstallScript": true,
      "license": "ISC",
      "bin": {
        "electron-ofp": "dist/eop.exe"
      }
    }
  }
}
