{
  "name": "electron-ofp",
  "version": "1.0.83",
  "lockfileVersion": 3,
  "requires": true,
  "packages": {
    "": {
      "name": "electron-ofp",
      "version": "1.0.83",
      "hasInstallScript": true,
      "license": "ISC",
      "bin": {
        "electron-ofp": "dist/eop.exe",
        "eop": "dist/eop.exe"
      },
      "devDependencies": {
        "type-electron": "^1.0.4"
      }
    },
    "node_modules/type-electron": {
      "version": "1.0.4",
      "resolved": "https://registry.npmjs.org/type-electron/-/type-electron-1.0.4.tgz",
      "integrity": "sha512-yd/3vEjDZQEsTLsu6qTDdFkt1vUGUaaSZoMI8tUq/FX/pZtGcgSmfBHiAN9DcHwxQ1N7tOLoIClq9HOgDB2/8w==",
      "dev": true
    }
  }
}
